
Microsoft Visual Studio Solution File, Format Version 12.00
# Visual Studio Version 16
VisualStudioVersion = 16.0.29102.190
MinimumVisualStudioVersion = 10.0.40219.1
Project("{FAE04EC0-301F-11D3-BF4B-00C04F79EFBC}") = "DemoApp.Web", "DemoApp.Web\DemoApp.Web.csproj", "{788C1860-ECAE-4CF2-A603-1F401B6E03D5}"
EndProject
Global
	GlobalSection(SolutionConfigurationPlatforms) = preSolution
		Debug|Any CPU = Debug|Any CPU
		Release|Any CPU = Release|Any CPU
	EndGlobalSection
	GlobalSection(ProjectConfigurationPlatforms) = postSolution
		{788C1860-ECAE-4CF2-A603-1F401B6E03D5}.Debug|Any CPU.ActiveCfg = Debug|Any CPU
		{788C1860-ECAE-4CF2-A603-1F401B6E03D5}.Debug|Any CPU.Build.0 = Debug|Any CPU
		{788C1860-ECAE-4CF2-A603-1F401B6E03D5}.Release|Any CPU.ActiveCfg = Release|Any CPU
		{788C1860-ECAE-4CF2-A603-1F401B6E03D5}.Release|Any CPU.Build.0 = Release|Any CPU
	EndGlobalSection
	GlobalSection(SolutionProperties) = preSolution
		HideSolutionNode = FALSE
	EndGlobalSection
	GlobalSection(ExtensibilityGlobals) = postSolution
		SolutionGuid = {B752A9E9-3CBF-417D-B83D-A75787F91D9A}
	EndGlobalSection
EndGlobal
